
Microsoft Visual Studio Solution File, Format Version 12.00
# Visual Studio Version 17
VisualStudioVersion = 17.5.33530.505
MinimumVisualStudioVersion = 10.0.40219.1
Project("{2150E333-8FDC-42A3-9474-1A3956D46DE8}") = "src", "src", "{068C0A60-8465-4D3C-9F5D-2FB75DC28250}"
EndProject
Project("{9A19103F-16F7-4668-BE54-9A1E7A4F7556}") = "Abstractions", "Abstractions\Abstractions.csproj", "{8AC56FD0-B286-4716-9812-1567C9A76A5F}"
EndProject
Project("{2150E333-8FDC-42A3-9474-1A3956D46DE8}") = "tests", "tests", "{2B9B2FE2-7D3A-4462-9B88-9A5E99527711}"
EndProject
Project("{9A19103F-16F7-4668-BE54-9A1E7A4F7556}") = "AbstractionsTests", "AbstractionsTests\AbstractionsTests.csproj", "{73DD5BF4-7AEC-48BC-A687-3F9BF6806A27}"
EndProject
Project("{9A19103F-16F7-4668-BE54-9A1E7A4F7556}") = "Domain", "Domain\Domain.csproj", "{A1120DAC-A621-4176-9733-92F7087FF495}"
EndProject
Project("{FAE04EC0-301F-11D3-BF4B-00C04F79EFBC}") = "DataAccessLayer", "DataAccessLayer\DataAccessLayer.csproj", "{BCE920F3-FDD2-40C4-AAC4-A9BA306D40CC}"
EndProject
Global
	GlobalSection(SolutionConfigurationPlatforms) = preSolution
		Debug|Any CPU = Debug|Any CPU
		Release|Any CPU = Release|Any CPU
	EndGlobalSection
	GlobalSection(ProjectConfigurationPlatforms) = postSolution
		{8AC56FD0-B286-4716-9812-1567C9A76A5F}.Debug|Any CPU.ActiveCfg = Debug|Any CPU
		{8AC56FD0-B286-4716-9812-1567C9A76A5F}.Debug|Any CPU.Build.0 = Debug|Any CPU
		{8AC56FD0-B286-4716-9812-1567C9A76A5F}.Release|Any CPU.ActiveCfg = Release|Any CPU
		{8AC56FD0-B286-4716-9812-1567C9A76A5F}.Release|Any CPU.Build.0 = Release|Any CPU
		{73DD5BF4-7AEC-48BC-A687-3F9BF6806A27}.Debug|Any CPU.ActiveCfg = Debug|Any CPU
		{73DD5BF4-7AEC-48BC-A687-3F9BF6806A27}.Debug|Any CPU.Build.0 = Debug|Any CPU
		{73DD5BF4-7AEC-48BC-A687-3F9BF6806A27}.Release|Any CPU.ActiveCfg = Release|Any CPU
		{73DD5BF4-7AEC-48BC-A687-3F9BF6806A27}.Release|Any CPU.Build.0 = Release|Any CPU
		{A1120DAC-A621-4176-9733-92F7087FF495}.Debug|Any CPU.ActiveCfg = Debug|Any CPU
		{A1120DAC-A621-4176-9733-92F7087FF495}.Debug|Any CPU.Build.0 = Debug|Any CPU
		{A1120DAC-A621-4176-9733-92F7087FF495}.Release|Any CPU.ActiveCfg = Release|Any CPU
		{A1120DAC-A621-4176-9733-92F7087FF495}.Release|Any CPU.Build.0 = Release|Any CPU
		{BCE920F3-FDD2-40C4-AAC4-A9BA306D40CC}.Debug|Any CPU.ActiveCfg = Debug|Any CPU
		{BCE920F3-FDD2-40C4-AAC4-A9BA306D40CC}.Debug|Any CPU.Build.0 = Debug|Any CPU
		{BCE920F3-FDD2-40C4-AAC4-A9BA306D40CC}.Release|Any CPU.ActiveCfg = Release|Any CPU
		{BCE920F3-FDD2-40C4-AAC4-A9BA306D40CC}.Release|Any CPU.Build.0 = Release|Any CPU
	EndGlobalSection
	GlobalSection(SolutionProperties) = preSolution
		HideSolutionNode = FALSE
	EndGlobalSection
	GlobalSection(NestedProjects) = preSolution
		{8AC56FD0-B286-4716-9812-1567C9A76A5F} = {068C0A60-8465-4D3C-9F5D-2FB75DC28250}
		{73DD5BF4-7AEC-48BC-A687-3F9BF6806A27} = {2B9B2FE2-7D3A-4462-9B88-9A5E99527711}
		{A1120DAC-A621-4176-9733-92F7087FF495} = {068C0A60-8465-4D3C-9F5D-2FB75DC28250}
		{BCE920F3-FDD2-40C4-AAC4-A9BA306D40CC} = {068C0A60-8465-4D3C-9F5D-2FB75DC28250}
	EndGlobalSection
	GlobalSection(ExtensibilityGlobals) = postSolution
		SolutionGuid = {ABD4655B-8651-4968-9BDE-7559F3CF6288}
	EndGlobalSection
EndGlobal
