
Microsoft Visual Studio Solution File, Format Version 12.00
# Visual Studio Version 17
VisualStudioVersion = 17.5.33530.505
MinimumVisualStudioVersion = 10.0.40219.1
Project("{2150E333-8FDC-42A3-9474-1A3956D46DE8}") = "src", "src", "{068C0A60-8465-4D3C-9F5D-2FB75DC28250}"
EndProject
Project("{9A19103F-16F7-4668-BE54-9A1E7A4F7556}") = "Abstractions", "Abstractions\Abstractions.csproj", "{8AC56FD0-B286-4716-9812-1567C9A76A5F}"
EndProject
Project("{9A19103F-16F7-4668-BE54-9A1E7A4F7556}") = "DataAccessLayer", "DataAccessLayer\DataAccessLayer.csproj", "{BCE920F3-FDD2-40C4-AAC4-A9BA306D40CC}"
EndProject
Project("{9A19103F-16F7-4668-BE54-9A1E7A4F7556}") = "IdentitySystem", "IdentitySystem\IdentitySystem.csproj", "{711CDA13-56EB-4CAE-92C4-782D386E9AA1}"
EndProject
Project("{9A19103F-16F7-4668-BE54-9A1E7A4F7556}") = "BusinessLayer", "BusinessLayer\BusinessLayer.csproj", "{76B3C775-DEBB-4019-B4B2-75440DEB9A7A}"
EndProject
Project("{9A19103F-16F7-4668-BE54-9A1E7A4F7556}") = "WebAPI", "WebAPI\WebAPI.csproj", "{3A0A681A-A448-4D6B-8B2B-158EFA8C5EDC}"
EndProject
Project("{9A19103F-16F7-4668-BE54-9A1E7A4F7556}") = "JWTAuthentification", "JWTAuthentification\JWTAuthentification.csproj", "{C33081ED-1023-4D50-980F-52F77F952C4A}"
EndProject
Project("{9A19103F-16F7-4668-BE54-9A1E7A4F7556}") = "EmailMessaging", "EmailMessaging\EmailMessaging.csproj", "{8E75AC92-C4E9-47AE-AD2A-5979953B0B9D}"
EndProject
Project("{FAE04EC0-301F-11D3-BF4B-00C04F79EFBC}") = "RecommendationSystem", "RecommendationSystem\RecommendationSystem.csproj", "{7CE7BE96-10C0-4F33-A40D-6517184DB56F}"
EndProject
Global
	GlobalSection(SolutionConfigurationPlatforms) = preSolution
		Debug|Any CPU = Debug|Any CPU
		Release|Any CPU = Release|Any CPU
	EndGlobalSection
	GlobalSection(ProjectConfigurationPlatforms) = postSolution
		{8AC56FD0-B286-4716-9812-1567C9A76A5F}.Debug|Any CPU.ActiveCfg = Debug|Any CPU
		{8AC56FD0-B286-4716-9812-1567C9A76A5F}.Debug|Any CPU.Build.0 = Debug|Any CPU
		{8AC56FD0-B286-4716-9812-1567C9A76A5F}.Release|Any CPU.ActiveCfg = Release|Any CPU
		{8AC56FD0-B286-4716-9812-1567C9A76A5F}.Release|Any CPU.Build.0 = Release|Any CPU
		{BCE920F3-FDD2-40C4-AAC4-A9BA306D40CC}.Debug|Any CPU.ActiveCfg = Debug|Any CPU
		{BCE920F3-FDD2-40C4-AAC4-A9BA306D40CC}.Debug|Any CPU.Build.0 = Debug|Any CPU
		{BCE920F3-FDD2-40C4-AAC4-A9BA306D40CC}.Release|Any CPU.ActiveCfg = Release|Any CPU
		{BCE920F3-FDD2-40C4-AAC4-A9BA306D40CC}.Release|Any CPU.Build.0 = Release|Any CPU
		{711CDA13-56EB-4CAE-92C4-782D386E9AA1}.Debug|Any CPU.ActiveCfg = Debug|Any CPU
		{711CDA13-56EB-4CAE-92C4-782D386E9AA1}.Debug|Any CPU.Build.0 = Debug|Any CPU
		{711CDA13-56EB-4CAE-92C4-782D386E9AA1}.Release|Any CPU.ActiveCfg = Release|Any CPU
		{711CDA13-56EB-4CAE-92C4-782D386E9AA1}.Release|Any CPU.Build.0 = Release|Any CPU
		{76B3C775-DEBB-4019-B4B2-75440DEB9A7A}.Debug|Any CPU.ActiveCfg = Debug|Any CPU
		{76B3C775-DEBB-4019-B4B2-75440DEB9A7A}.Debug|Any CPU.Build.0 = Debug|Any CPU
		{76B3C775-DEBB-4019-B4B2-75440DEB9A7A}.Release|Any CPU.ActiveCfg = Release|Any CPU
		{76B3C775-DEBB-4019-B4B2-75440DEB9A7A}.Release|Any CPU.Build.0 = Release|Any CPU
		{3A0A681A-A448-4D6B-8B2B-158EFA8C5EDC}.Debug|Any CPU.ActiveCfg = Debug|Any CPU
		{3A0A681A-A448-4D6B-8B2B-158EFA8C5EDC}.Debug|Any CPU.Build.0 = Debug|Any CPU
		{3A0A681A-A448-4D6B-8B2B-158EFA8C5EDC}.Release|Any CPU.ActiveCfg = Release|Any CPU
		{3A0A681A-A448-4D6B-8B2B-158EFA8C5EDC}.Release|Any CPU.Build.0 = Release|Any CPU
		{C33081ED-1023-4D50-980F-52F77F952C4A}.Debug|Any CPU.ActiveCfg = Debug|Any CPU
		{C33081ED-1023-4D50-980F-52F77F952C4A}.Debug|Any CPU.Build.0 = Debug|Any CPU
		{C33081ED-1023-4D50-980F-52F77F952C4A}.Release|Any CPU.ActiveCfg = Release|Any CPU
		{C33081ED-1023-4D50-980F-52F77F952C4A}.Release|Any CPU.Build.0 = Release|Any CPU
		{8E75AC92-C4E9-47AE-AD2A-5979953B0B9D}.Debug|Any CPU.ActiveCfg = Debug|Any CPU
		{8E75AC92-C4E9-47AE-AD2A-5979953B0B9D}.Debug|Any CPU.Build.0 = Debug|Any CPU
		{8E75AC92-C4E9-47AE-AD2A-5979953B0B9D}.Release|Any CPU.ActiveCfg = Release|Any CPU
		{8E75AC92-C4E9-47AE-AD2A-5979953B0B9D}.Release|Any CPU.Build.0 = Release|Any CPU
		{7CE7BE96-10C0-4F33-A40D-6517184DB56F}.Debug|Any CPU.ActiveCfg = Debug|Any CPU
		{7CE7BE96-10C0-4F33-A40D-6517184DB56F}.Debug|Any CPU.Build.0 = Debug|Any CPU
		{7CE7BE96-10C0-4F33-A40D-6517184DB56F}.Release|Any CPU.ActiveCfg = Release|Any CPU
		{7CE7BE96-10C0-4F33-A40D-6517184DB56F}.Release|Any CPU.Build.0 = Release|Any CPU
	EndGlobalSection
	GlobalSection(SolutionProperties) = preSolution
		HideSolutionNode = FALSE
	EndGlobalSection
	GlobalSection(NestedProjects) = preSolution
		{8AC56FD0-B286-4716-9812-1567C9A76A5F} = {068C0A60-8465-4D3C-9F5D-2FB75DC28250}
		{BCE920F3-FDD2-40C4-AAC4-A9BA306D40CC} = {068C0A60-8465-4D3C-9F5D-2FB75DC28250}
		{711CDA13-56EB-4CAE-92C4-782D386E9AA1} = {068C0A60-8465-4D3C-9F5D-2FB75DC28250}
		{76B3C775-DEBB-4019-B4B2-75440DEB9A7A} = {068C0A60-8465-4D3C-9F5D-2FB75DC28250}
		{3A0A681A-A448-4D6B-8B2B-158EFA8C5EDC} = {068C0A60-8465-4D3C-9F5D-2FB75DC28250}
		{C33081ED-1023-4D50-980F-52F77F952C4A} = {068C0A60-8465-4D3C-9F5D-2FB75DC28250}
		{8E75AC92-C4E9-47AE-AD2A-5979953B0B9D} = {068C0A60-8465-4D3C-9F5D-2FB75DC28250}
		{7CE7BE96-10C0-4F33-A40D-6517184DB56F} = {068C0A60-8465-4D3C-9F5D-2FB75DC28250}
	EndGlobalSection
	GlobalSection(ExtensibilityGlobals) = postSolution
		SolutionGuid = {ABD4655B-8651-4968-9BDE-7559F3CF6288}
	EndGlobalSection
EndGlobal
